
Microsoft Visual Studio Solution File, Format Version 12.00
# Visual Studio 15
VisualStudioVersion = 15.0.28307.489
MinimumVisualStudioVersion = 10.0.40219.1
Project("{FAE04EC0-301F-11D3-BF4B-00C04F79EFBC}") = "BootstrapIntro", "BootstrapIntro\BootstrapIntro.csproj", "{E257DAAF-5E2B-4740-AC3C-39ADDAC04208}"
EndProject
Global
	GlobalSection(SolutionConfigurationPlatforms) = preSolution
		Debug|Any CPU = Debug|Any CPU
		Release|Any CPU = Release|Any CPU
	EndGlobalSection
	GlobalSection(ProjectConfigurationPlatforms) = postSolution
		{E257DAAF-5E2B-4740-AC3C-39ADDAC04208}.Debug|Any CPU.ActiveCfg = Debug|Any CPU
		{E257DAAF-5E2B-4740-AC3C-39ADDAC04208}.Debug|Any CPU.Build.0 = Debug|Any CPU
		{E257DAAF-5E2B-4740-AC3C-39ADDAC04208}.Release|Any CPU.ActiveCfg = Release|Any CPU
		{E257DAAF-5E2B-4740-AC3C-39ADDAC04208}.Release|Any CPU.Build.0 = Release|Any CPU
	EndGlobalSection
	GlobalSection(SolutionProperties) = preSolution
		HideSolutionNode = FALSE
	EndGlobalSection
	GlobalSection(ExtensibilityGlobals) = postSolution
		SolutionGuid = {3D6B61B6-8323-4B71-81FB-7A37E7BE91FE}
	EndGlobalSection
EndGlobal
